# This file is automatically @generated by Cargo.
# It is not intended for manual editing.
version = 4

[[package]]
name = "corpus-core"
version = "0.1.0"

[[package]]
name = "corpus-rewriting"
version = "0.0.0"
dependencies = [
 "corpus-core",
]

[[package]]
name = "peano-arithmetic"
version = "0.0.0"
dependencies = [
 "corpus-core",
 "corpus-rewriting",
]
